
Microsoft Visual Studio Solution File, Format Version 12.00
# Visual Studio Version 17
VisualStudioVersion = 17.11.35312.102
MinimumVisualStudioVersion = 10.0.40219.1
Project("{FAE04EC0-301F-11D3-BF4B-00C04F79EFBC}") = "BookStore_API", "BookStore_API.csproj", "{38AAF4BA-6494-455D-86DC-89F397486FE9}"
EndProject
Global
	GlobalSection(SolutionConfigurationPlatforms) = preSolution
		Debug|Any CPU = Debug|Any CPU
		Release|Any CPU = Release|Any CPU
	EndGlobalSection
	GlobalSection(ProjectConfigurationPlatforms) = postSolution
		{38AAF4BA-6494-455D-86DC-89F397486FE9}.Debug|Any CPU.ActiveCfg = Debug|Any CPU
		{38AAF4BA-6494-455D-86DC-89F397486FE9}.Debug|Any CPU.Build.0 = Debug|Any CPU
		{38AAF4BA-6494-455D-86DC-89F397486FE9}.Release|Any CPU.ActiveCfg = Release|Any CPU
		{38AAF4BA-6494-455D-86DC-89F397486FE9}.Release|Any CPU.Build.0 = Release|Any CPU
	EndGlobalSection
	GlobalSection(SolutionProperties) = preSolution
		HideSolutionNode = FALSE
	EndGlobalSection
	GlobalSection(ExtensibilityGlobals) = postSolution
		SolutionGuid = {6BEFED1D-DD6B-468B-82F2-89D70BB0AB96}
	EndGlobalSection
EndGlobal
